
Microsoft Visual Studio Solution File, Format Version 12.00
# Visual Studio Version 16
VisualStudioVersion = 16.0.29920.165
MinimumVisualStudioVersion = 10.0.40219.1
Project("{FAE04EC0-301F-11D3-BF4B-00C04F79EFBC}") = "TruYum", "TruYum\TruYum.csproj", "{56AB97DA-A934-4811-9D7F-DB8FB34A153D}"
EndProject
Global
	GlobalSection(SolutionConfigurationPlatforms) = preSolution
		Debug|Any CPU = Debug|Any CPU
		Release|Any CPU = Release|Any CPU
	EndGlobalSection
	GlobalSection(ProjectConfigurationPlatforms) = postSolution
		{56AB97DA-A934-4811-9D7F-DB8FB34A153D}.Debug|Any CPU.ActiveCfg = Debug|Any CPU
		{56AB97DA-A934-4811-9D7F-DB8FB34A153D}.Debug|Any CPU.Build.0 = Debug|Any CPU
		{56AB97DA-A934-4811-9D7F-DB8FB34A153D}.Release|Any CPU.ActiveCfg = Release|Any CPU
		{56AB97DA-A934-4811-9D7F-DB8FB34A153D}.Release|Any CPU.Build.0 = Release|Any CPU
	EndGlobalSection
	GlobalSection(SolutionProperties) = preSolution
		HideSolutionNode = FALSE
	EndGlobalSection
	GlobalSection(ExtensibilityGlobals) = postSolution
		SolutionGuid = {EA421B98-1585-495C-A728-5786ABDBD9DD}
	EndGlobalSection
EndGlobal
